<?xml version="1.0" encoding="utf-8"?>
<Project ToolsVersion="4.0" xmlns="http://schemas.microsoft.com/developer/msbuild/2003">
  <ItemGroup>
    <Filter Include="Source Files">
      <UniqueIdentifier>{4FC737F1-C7A5-4376-A066-2A32D752A2FF}</UniqueIdentifier>
      <Extensions>cpp;c;cc;cxx;c++;cppm;ixx;def;odl;idl;hpj;bat;asm;asmx</Extensions>
    </Filter>
    <Filter Include="Header Files">
      <UniqueIdentifier>{93995380-89BD-4b04-88EB-625FBE52EBFB}</UniqueIdentifier>
      <Extensions>h;hh;hpp;hxx;h++;hm;inl;inc;ipp;xsd</Extensions>
    </Filter>
    <Filter Include="Resource Files">
      <UniqueIdentifier>{67DA6AB6-F800-4c08-8B7A-83BB121AAD01}</UniqueIdentifier>
      <Extensions>rc;ico;cur;bmp;dlg;rc2;rct;bin;rgs;gif;jpg;jpeg;jpe;resx;tiff;tif;png;wav;mfcribbon-ms</Extensions>
    </Filter>
    <Filter Include="Source Files\Modules">
      <UniqueIdentifier>{13e9b52d-aa26-4c5a-bccd-589449af0d27}</UniqueIdentifier>
    </Filter>
    <Filter Include="Header Files\Modules">
      <UniqueIdentifier>{ee949c01-1e96-4b47-a9c6-a7bce0c14b68}</UniqueIdentifier>
    </Filter>
    <Filter Include="Header Files\Modules\MatchList">
      <UniqueIdentifier>{909ff553-33fb-4b14-80fd-30cb7a0fe0ae}</UniqueIdentifier>
    </Filter>
    <Filter Include="Header Files\Modules\MatchList\Match">
      <UniqueIdentifier>{662f8bca-574b-4e4c-9a8d-8e00021a1927}</UniqueIdentifier>
    </Filter>
    <Filter Include="Source Files\Modules\MatchList">
      <UniqueIdentifier>{420e3ad4-f879-4018-acb4-27aa2943ad52}</UniqueIdentifier>
    </Filter>
    <Filter Include="Source Files\Modules\MatchList\Match">
      <UniqueIdentifier>{1ffce34b-da2a-4a33-9b11-056b07f33488}</UniqueIdentifier>
    </Filter>
    <Filter Include="Source Files\Modules\Statistics">
      <UniqueIdentifier>{288c0ac3-9bf5-433b-809b-55a50c38ca40}</UniqueIdentifier>
    </Filter>
    <Filter Include="Header Files\Modules\Statistics">
      <UniqueIdentifier>{f0669657-b63c-4af3-8eca-3d12406bc02a}</UniqueIdentifier>
    </Filter>
  </ItemGroup>
  <ItemGroup>
    <ClInclude Include="..\Code\Date.h">
      <Filter>Header Files\Modules\MatchList\Match</Filter>
    </ClInclude>
    <ClInclude Include="..\Code\Common.h">
      <Filter>Header Files\Modules</Filter>
    </ClInclude>
    <ClInclude Include="..\Code\Fighter.h">
      <Filter>Header Files\Modules\MatchList\Match</Filter>
    </ClInclude>
    <ClInclude Include="..\Code\FighterList.h">
      <Filter>Header Files\Modules\MatchList\Match</Filter>
    </ClInclude>
    <ClInclude Include="..\Code\AliasHandler.h">
      <Filter>Header Files\Modules\MatchList\Match</Filter>
    </ClInclude>
    <ClInclude Include="..\Code\MatchList.h">
      <Filter>Header Files\Modules\MatchList</Filter>
    </ClInclude>
    <ClInclude Include="..\Code\Match.h">
      <Filter>Header Files\Modules\MatchList</Filter>
    </ClInclude>
    <ClInclude Include="..\Code\ReplaysAnalyser.h">
      <Filter>Header Files</Filter>
    </ClInclude>
    <ClInclude Include="..\Code\Statistics.h">
      <Filter>Header Files\Modules\Statistics</Filter>
    </ClInclude>
  </ItemGroup>
  <ItemGroup>
    <ClCompile Include="..\Code\Main.cpp">
      <Filter>Source Files</Filter>
    </ClCompile>
    <ClCompile Include="..\Code\Common.cpp">
      <Filter>Source Files\Modules</Filter>
    </ClCompile>
    <ClCompile Include="..\Code\AliasHandler.cpp">
      <Filter>Source Files\Modules\MatchList\Match</Filter>
    </ClCompile>
    <ClCompile Include="..\Code\Date.cpp">
      <Filter>Source Files\Modules\MatchList\Match</Filter>
    </ClCompile>
    <ClCompile Include="..\Code\Fighter.cpp">
      <Filter>Source Files\Modules\MatchList\Match</Filter>
    </ClCompile>
    <ClCompile Include="..\Code\FighterList.cpp">
      <Filter>Source Files\Modules\MatchList\Match</Filter>
    </ClCompile>
    <ClCompile Include="..\Code\Match.cpp">
      <Filter>Source Files\Modules\MatchList</Filter>
    </ClCompile>
    <ClCompile Include="..\Code\MatchList.cpp">
      <Filter>Source Files\Modules\MatchList</Filter>
    </ClCompile>
    <ClCompile Include="..\Code\ReplaysAnalyser.cpp">
      <Filter>Source Files</Filter>
    </ClCompile>
    <ClCompile Include="..\Code\Statistics.cpp">
      <Filter>Source Files\Modules\Statistics</Filter>
    </ClCompile>
  </ItemGroup>
  <ItemGroup>
    <Text Include="..\IDEAS.txt">
      <Filter>Resource Files</Filter>
    </Text>
  </ItemGroup>
</Project>